
Microsoft Visual Studio Solution File, Format Version 12.00
# Visual Studio Version 17
VisualStudioVersion = 17.1.32319.34
MinimumVisualStudioVersion = 10.0.40219.1
Project("{FAE04EC0-301F-11D3-BF4B-00C04F79EFBC}") = "BackEnd", "BackEnd\BackEnd.csproj", "{6062268D-16D0-4890-8F15-390A42143F8A}"
EndProject
Global
	GlobalSection(SolutionConfigurationPlatforms) = preSolution
		Debug|Any CPU = Debug|Any CPU
		Release|Any CPU = Release|Any CPU
	EndGlobalSection
	GlobalSection(ProjectConfigurationPlatforms) = postSolution
		{6062268D-16D0-4890-8F15-390A42143F8A}.Debug|Any CPU.ActiveCfg = Debug|Any CPU
		{6062268D-16D0-4890-8F15-390A42143F8A}.Debug|Any CPU.Build.0 = Debug|Any CPU
		{6062268D-16D0-4890-8F15-390A42143F8A}.Release|Any CPU.ActiveCfg = Release|Any CPU
		{6062268D-16D0-4890-8F15-390A42143F8A}.Release|Any CPU.Build.0 = Release|Any CPU
	EndGlobalSection
	GlobalSection(SolutionProperties) = preSolution
		HideSolutionNode = FALSE
	EndGlobalSection
	GlobalSection(ExtensibilityGlobals) = postSolution
		SolutionGuid = {75E4E1AF-D570-461E-9BBE-1F9CAA1D280B}
	EndGlobalSection
EndGlobal
